
Microsoft Visual Studio Solution File, Format Version 12.00
# Visual Studio Version 17
VisualStudioVersion = 17.11.35327.3
MinimumVisualStudioVersion = 10.0.40219.1
Project("{151D2E53-A2C4-4D7D-83FE-D05416EBD58E}") = "KeyVault", "KeyVault\KeyVault.deployproj", "{C02B7652-B3BA-4236-A311-5261B3D5CA39}"
EndProject
Global
	GlobalSection(SolutionConfigurationPlatforms) = preSolution
		Debug|Any CPU = Debug|Any CPU
		Release|Any CPU = Release|Any CPU
	EndGlobalSection
	GlobalSection(ProjectConfigurationPlatforms) = postSolution
		{C02B7652-B3BA-4236-A311-5261B3D5CA39}.Debug|Any CPU.ActiveCfg = Debug|Any CPU
		{C02B7652-B3BA-4236-A311-5261B3D5CA39}.Debug|Any CPU.Build.0 = Debug|Any CPU
		{C02B7652-B3BA-4236-A311-5261B3D5CA39}.Release|Any CPU.ActiveCfg = Release|Any CPU
		{C02B7652-B3BA-4236-A311-5261B3D5CA39}.Release|Any CPU.Build.0 = Release|Any CPU
	EndGlobalSection
	GlobalSection(SolutionProperties) = preSolution
		HideSolutionNode = FALSE
	EndGlobalSection
	GlobalSection(ExtensibilityGlobals) = postSolution
		SolutionGuid = {CB8423DD-4808-4106-BE15-4F935A36BBC4}
	EndGlobalSection
EndGlobal
